
Microsoft Visual Studio Solution File, Format Version 12.00
# Visual Studio 15
VisualStudioVersion = 15.0.27703.2026
MinimumVisualStudioVersion = 10.0.40219.1
Project("{FAE04EC0-301F-11D3-BF4B-00C04F79EFBC}") = "weddingventure.com", "weddingventure.com\weddingventure.com.csproj", "{31A2B1D2-537A-4310-BAD5-50693DB0A697}"
EndProject
Global
	GlobalSection(SolutionConfigurationPlatforms) = preSolution
		Debug|Any CPU = Debug|Any CPU
		Release|Any CPU = Release|Any CPU
	EndGlobalSection
	GlobalSection(ProjectConfigurationPlatforms) = postSolution
		{31A2B1D2-537A-4310-BAD5-50693DB0A697}.Debug|Any CPU.ActiveCfg = Debug|Any CPU
		{31A2B1D2-537A-4310-BAD5-50693DB0A697}.Debug|Any CPU.Build.0 = Debug|Any CPU
		{31A2B1D2-537A-4310-BAD5-50693DB0A697}.Release|Any CPU.ActiveCfg = Release|Any CPU
		{31A2B1D2-537A-4310-BAD5-50693DB0A697}.Release|Any CPU.Build.0 = Release|Any CPU
	EndGlobalSection
	GlobalSection(SolutionProperties) = preSolution
		HideSolutionNode = FALSE
	EndGlobalSection
	GlobalSection(ExtensibilityGlobals) = postSolution
		SolutionGuid = {4E9083AA-BC49-401C-AD9C-7BD146694F6A}
	EndGlobalSection
EndGlobal
